
Microsoft Visual Studio Solution File, Format Version 12.00
# Visual Studio 15
VisualStudioVersion = 15.0.27130.2027
MinimumVisualStudioVersion = 10.0.40219.1
Project("{FAE04EC0-301F-11D3-BF4B-00C04F79EFBC}") = "CryptoNoteMiner", "CryptoNoteMiner\CryptoNoteMiner.csproj", "{8047E257-DE3D-4C2A-8498-6FD586D7053D}"
EndProject
Global
	GlobalSection(SolutionConfigurationPlatforms) = preSolution
		Debug|Any CPU = Debug|Any CPU
		Debug|x64 = Debug|x64
		Release|Any CPU = Release|Any CPU
		Release|x64 = Release|x64
	EndGlobalSection
	GlobalSection(ProjectConfigurationPlatforms) = postSolution
		{8047E257-DE3D-4C2A-8498-6FD586D7053D}.Debug|Any CPU.ActiveCfg = Debug|Any CPU
		{8047E257-DE3D-4C2A-8498-6FD586D7053D}.Debug|Any CPU.Build.0 = Debug|Any CPU
		{8047E257-DE3D-4C2A-8498-6FD586D7053D}.Debug|x64.ActiveCfg = Debug|x64
		{8047E257-DE3D-4C2A-8498-6FD586D7053D}.Debug|x64.Build.0 = Debug|x64
		{8047E257-DE3D-4C2A-8498-6FD586D7053D}.Release|Any CPU.ActiveCfg = Release|Any CPU
		{8047E257-DE3D-4C2A-8498-6FD586D7053D}.Release|Any CPU.Build.0 = Release|Any CPU
		{8047E257-DE3D-4C2A-8498-6FD586D7053D}.Release|x64.ActiveCfg = Release|x64
		{8047E257-DE3D-4C2A-8498-6FD586D7053D}.Release|x64.Build.0 = Release|x64
	EndGlobalSection
	GlobalSection(SolutionProperties) = preSolution
		HideSolutionNode = FALSE
	EndGlobalSection
	GlobalSection(ExtensibilityGlobals) = postSolution
		SolutionGuid = {69830C31-4361-4416-8BBD-6B315ED4A067}
	EndGlobalSection
EndGlobal
